# This file was autogenerated by uv via the following command:
#    uv pip compile pyproject.toml --output-file requirements.lock
annotated-types==0.7.0
    # via
    #   book-translation-tool (pyproject.toml)
    #   pydantic
anyio==4.11.0
    # via
    #   httpx
    #   openai
beautifulsoup4==4.14.2
    # via book-translation-tool (pyproject.toml)
blinker==1.9.0
    # via
    #   book-translation-tool (pyproject.toml)
    #   flask
build==1.3.0
    # via book-translation-tool (pyproject.toml)
cachetools==5.5.2
    # via
    #   book-translation-tool (pyproject.toml)
    #   google-auth
certifi==2025.11.12
    # via
    #   book-translation-tool (pyproject.toml)
    #   httpcore
    #   httpx
    #   requests
cffi==2.0.0
    # via cryptography
charset-normalizer==3.4.4
    # via
    #   book-translation-tool (pyproject.toml)
    #   pdfminer-six
    #   reportlab
    #   requests
click==8.3.1
    # via
    #   book-translation-tool (pyproject.toml)
    #   flask
coloredlogs==15.0.1
    # via
    #   book-translation-tool (pyproject.toml)
    #   onnxruntime
cryptography==43.0.3
    # via
    #   book-translation-tool (pyproject.toml)
    #   pdfminer-six
defusedxml==0.7.1
    # via
    #   book-translation-tool (pyproject.toml)
    #   fpdf2
distro==1.9.0
    # via openai
ebooklib==0.20
    # via book-translation-tool (pyproject.toml)
epub==0.5.2
    # via book-translation-tool (pyproject.toml)
flask==3.1.2
    # via
    #   book-translation-tool (pyproject.toml)
    #   flask-wtf
flask-wtf==1.2.2
    # via book-translation-tool (pyproject.toml)
flatbuffers==25.9.23
    # via onnxruntime
fonttools==4.60.1
    # via
    #   book-translation-tool (pyproject.toml)
    #   fpdf2
fpdf2==2.8.5
    # via book-translation-tool (pyproject.toml)
google-ai-generativelanguage==0.6.15
    # via
    #   book-translation-tool (pyproject.toml)
    #   google-generativeai
google-api-core==2.28.1
    # via
    #   book-translation-tool (pyproject.toml)
    #   google-ai-generativelanguage
    #   google-api-python-client
    #   google-generativeai
google-api-python-client==2.187.0
    # via
    #   book-translation-tool (pyproject.toml)
    #   google-generativeai
google-auth==2.43.0
    # via
    #   book-translation-tool (pyproject.toml)
    #   google-ai-generativelanguage
    #   google-api-core
    #   google-api-python-client
    #   google-auth-httplib2
    #   google-generativeai
google-auth-httplib2==0.2.1
    # via
    #   book-translation-tool (pyproject.toml)
    #   google-api-python-client
google-generativeai==0.8.5
    # via book-translation-tool (pyproject.toml)
googleapis-common-protos==1.72.0
    # via
    #   book-translation-tool (pyproject.toml)
    #   google-api-core
    #   grpcio-status
grpcio==1.76.0
    # via
    #   google-api-core
    #   grpcio-status
grpcio-status==1.71.2
    # via google-api-core
h11==0.16.0
    # via httpcore
httpcore==1.0.9
    # via httpx
httplib2==0.31.0
    # via
    #   google-api-python-client
    #   google-auth-httplib2
httpx==0.28.1
    # via openai
humanfriendly==10.0
    # via
    #   book-translation-tool (pyproject.toml)
    #   coloredlogs
idna==3.11
    # via
    #   book-translation-tool (pyproject.toml)
    #   anyio
    #   httpx
    #   requests
imageio==2.37.2
    # via
    #   book-translation-tool (pyproject.toml)
    #   scikit-image
itsdangerous==2.2.0
    # via
    #   book-translation-tool (pyproject.toml)
    #   flask
    #   flask-wtf
janome==0.5.0
    # via book-translation-tool (pyproject.toml)
jinja2==3.1.6
    # via
    #   book-translation-tool (pyproject.toml)
    #   flask
jiter==0.12.0
    # via openai
joblib==1.5.2
    # via scikit-learn
lazy-loader==0.4
    # via scikit-image
levenshtein==0.27.3
    # via python-levenshtein
lxml==5.4.0
    # via
    #   book-translation-tool (pyproject.toml)
    #   ebooklib
    #   python-docx
markdown==3.10
    # via book-translation-tool (pyproject.toml)
markdown-it-py==2.2.0
    # via
    #   book-translation-tool (pyproject.toml)
    #   mdformat
    #   mdformat-gfm
    #   mdit-py-plugins
markupsafe==2.1.5
    # via
    #   book-translation-tool (pyproject.toml)
    #   flask
    #   jinja2
    #   werkzeug
    #   wtforms
mdformat==0.7.22
    # via
    #   book-translation-tool (pyproject.toml)
    #   mdformat-gfm
    #   mdformat-tables
mdformat-gfm==0.4.1
    # via book-translation-tool (pyproject.toml)
mdformat-tables==0.4.1
    # via
    #   book-translation-tool (pyproject.toml)
    #   mdformat-gfm
mdit-py-plugins==0.5.0
    # via
    #   book-translation-tool (pyproject.toml)
    #   mdformat-gfm
mdurl==0.1.2
    # via
    #   book-translation-tool (pyproject.toml)
    #   markdown-it-py
mistune==3.1.4
    # via book-translation-tool (pyproject.toml)
ml-dtypes==0.5.3
    # via onnx
mpmath==1.3.0
    # via sympy
networkx==3.5
    # via
    #   book-translation-tool (pyproject.toml)
    #   scikit-image
numpy==2.2.6
    # via
    #   book-translation-tool (pyproject.toml)
    #   imageio
    #   ml-dtypes
    #   onnx
    #   onnxruntime
    #   opencv-python
    #   opencv-python-headless
    #   rapidocr-onnxruntime
    #   scikit-image
    #   scikit-learn
    #   scipy
    #   shapely
    #   tifffile
onnx==1.19.1
    # via book-translation-tool (pyproject.toml)
onnxruntime==1.23.2
    # via
    #   book-translation-tool (pyproject.toml)
    #   rapidocr-onnxruntime
openai==2.8.0
    # via book-translation-tool (pyproject.toml)
opencv-python==4.12.0.88
    # via
    #   book-translation-tool (pyproject.toml)
    #   rapidocr-onnxruntime
opencv-python-headless==4.12.0.88
    # via book-translation-tool (pyproject.toml)
orjson==3.11.4
    # via book-translation-tool (pyproject.toml)
packaging==25.0
    # via
    #   build
    #   lazy-loader
    #   onnxruntime
    #   pytesseract
    #   scikit-image
pdf2image==1.17.0
    # via book-translation-tool (pyproject.toml)
pdfminer-six==20251107
    # via
    #   book-translation-tool (pyproject.toml)
    #   pdfplumber
pdfplumber==0.11.8
    # via book-translation-tool (pyproject.toml)
peewee==3.18.3
    # via book-translation-tool (pyproject.toml)
pillow==10.4.0
    # via
    #   book-translation-tool (pyproject.toml)
    #   fpdf2
    #   imageio
    #   pdf2image
    #   pdfplumber
    #   pytesseract
    #   rapidocr-onnxruntime
    #   reportlab
    #   scikit-image
proto-plus==1.26.1
    # via
    #   google-ai-generativelanguage
    #   google-api-core
protobuf==5.29.5
    # via
    #   google-ai-generativelanguage
    #   google-api-core
    #   google-generativeai
    #   googleapis-common-protos
    #   grpcio-status
    #   onnx
    #   onnxruntime
    #   proto-plus
psutil==7.1.3
    # via book-translation-tool (pyproject.toml)
pyasn1==0.6.1
    # via
    #   pyasn1-modules
    #   rsa
pyasn1-modules==0.4.2
    # via google-auth
pyclipper==1.3.0.post6
    # via
    #   book-translation-tool (pyproject.toml)
    #   rapidocr-onnxruntime
pycparser==2.23
    # via cffi
pydantic==2.12.4
    # via
    #   book-translation-tool (pyproject.toml)
    #   google-generativeai
    #   openai
    #   pydantic-settings
pydantic-core==2.41.5
    # via
    #   book-translation-tool (pyproject.toml)
    #   pydantic
pydantic-settings==2.12.0
    # via book-translation-tool (pyproject.toml)
pymupdf==1.26.6
    # via book-translation-tool (pyproject.toml)
pymupdfb==1.24.10
    # via book-translation-tool (pyproject.toml)
pyparsing==3.2.5
    # via httplib2
pypdf2==3.0.1
    # via book-translation-tool (pyproject.toml)
pypdfium2==4.30.0
    # via
    #   book-translation-tool (pyproject.toml)
    #   pdfplumber
pyproject-hooks==1.2.0
    # via
    #   book-translation-tool (pyproject.toml)
    #   build
pysocks==1.7.1
    # via book-translation-tool (pyproject.toml)
pytesseract==0.3.13
    # via book-translation-tool (pyproject.toml)
python-docx==1.2.0
    # via book-translation-tool (pyproject.toml)
python-dotenv==1.2.1
    # via
    #   book-translation-tool (pyproject.toml)
    #   pydantic-settings
python-levenshtein==0.27.3
    # via book-translation-tool (pyproject.toml)
pyyaml==6.0.3
    # via rapidocr-onnxruntime
rapidfuzz==3.14.3
    # via
    #   book-translation-tool (pyproject.toml)
    #   levenshtein
rapidocr-onnxruntime==1.4.4
    # via book-translation-tool (pyproject.toml)
regex==2025.11.3
    # via tiktoken
reportlab==4.4.4
    # via book-translation-tool (pyproject.toml)
requests==2.32.5
    # via
    #   book-translation-tool (pyproject.toml)
    #   google-api-core
    #   tiktoken
rsa==4.9.1
    # via google-auth
ruff==0.14.5
    # via book-translation-tool (pyproject.toml)
scikit-image==0.25.2
    # via book-translation-tool (pyproject.toml)
scikit-learn==1.7.2
    # via book-translation-tool (pyproject.toml)
scipy==1.16.3
    # via
    #   book-translation-tool (pyproject.toml)
    #   scikit-image
    #   scikit-learn
shapely==2.1.2
    # via
    #   book-translation-tool (pyproject.toml)
    #   rapidocr-onnxruntime
six==1.17.0
    # via
    #   ebooklib
    #   rapidocr-onnxruntime
sniffio==1.3.1
    # via
    #   anyio
    #   openai
soupsieve==2.8
    # via beautifulsoup4
sudachidict-core==20251022
    # via book-translation-tool (pyproject.toml)
sudachipy==0.6.10
    # via
    #   book-translation-tool (pyproject.toml)
    #   sudachidict-core
sympy==1.14.0
    # via onnxruntime
tenacity==9.1.2
    # via book-translation-tool (pyproject.toml)
threadpoolctl==3.6.0
    # via scikit-learn
tifffile==2025.10.16
    # via
    #   book-translation-tool (pyproject.toml)
    #   scikit-image
tiktoken==0.12.0
    # via book-translation-tool (pyproject.toml)
toml==0.10.2
    # via book-translation-tool (pyproject.toml)
tqdm==4.67.1
    # via
    #   book-translation-tool (pyproject.toml)
    #   google-generativeai
    #   openai
    #   rapidocr-onnxruntime
typing-extensions==4.15.0
    # via
    #   anyio
    #   beautifulsoup4
    #   google-generativeai
    #   grpcio
    #   onnx
    #   openai
    #   pydantic
    #   pydantic-core
    #   python-docx
    #   typing-inspection
typing-inspection==0.4.2
    # via
    #   pydantic
    #   pydantic-settings
unidecode==1.4.0
    # via book-translation-tool (pyproject.toml)
uritemplate==4.2.0
    # via google-api-python-client
urllib3==2.5.0
    # via
    #   book-translation-tool (pyproject.toml)
    #   requests
werkzeug==3.1.3
    # via
    #   book-translation-tool (pyproject.toml)
    #   flask
wtforms==3.2.1
    # via
    #   book-translation-tool (pyproject.toml)
    #   flask-wtf
